PODS:
  - bk_flutter_image (0.0.1):
    - Flutter
    - SDWebImage
  - Flutter (1.0.0)
  - SDWebImage (5.10.0):
    - SDWebImage/Core (= 5.10.0)
  - SDWebImage/Core (5.10.0)

DEPENDENCIES:
  - bk_flutter_image (from `.symlinks/plugins/bk_flutter_image/ios`)
  - Flutter (from `Flutter`)

SPEC REPOS:
  trunk:
    - SDWebImage

EXTERNAL SOURCES:
  bk_flutter_image:
    :path: ".symlinks/plugins/bk_flutter_image/ios"
  Flutter:
    :path: Flutter

SPEC CHECKSUMS:
  bk_flutter_image: 27f0d609ffe4f8c258fe6b10113ac0f49b09f2e4
  Flutter: 0e3d915762c693b495b44d77113d4970485de6ec
  SDWebImage: 9169792e9eec3e45bba2a0c02f74bf8bd922d1ee

PODFILE CHECKSUM: 8e679eca47255a8ca8067c4c67aab20e64cb974d

COCOAPODS: 1.10.0
